
Microsoft Visual Studio Solution File, Format Version 12.00
# Visual Studio Version 17
VisualStudioVersion = 17.4.33122.133
MinimumVisualStudioVersion = 10.0.40219.1
Project("{FAE04EC0-301F-11D3-BF4B-00C04F79EFBC}") = "ExceptionLearning", "ExceptionLearning\ExceptionLearning.csproj", "{28831338-932E-4D88-9D60-A9548801036F}"
EndProject
Project("{FAE04EC0-301F-11D3-BF4B-00C04F79EFBC}") = "LastNameSorting", "LastNameSorting\LastNameSorting.csproj", "{60670F1F-E0A0-4058-ADDA-ABE2E4FD5476}"
EndProject
Global
	GlobalSection(SolutionConfigurationPlatforms) = preSolution
		Debug|Any CPU = Debug|Any CPU
		Release|Any CPU = Release|Any CPU
	EndGlobalSection
	GlobalSection(ProjectConfigurationPlatforms) = postSolution
		{28831338-932E-4D88-9D60-A9548801036F}.Debug|Any CPU.ActiveCfg = Debug|Any CPU
		{28831338-932E-4D88-9D60-A9548801036F}.Debug|Any CPU.Build.0 = Debug|Any CPU
		{28831338-932E-4D88-9D60-A9548801036F}.Release|Any CPU.ActiveCfg = Release|Any CPU
		{28831338-932E-4D88-9D60-A9548801036F}.Release|Any CPU.Build.0 = Release|Any CPU
		{60670F1F-E0A0-4058-ADDA-ABE2E4FD5476}.Debug|Any CPU.ActiveCfg = Debug|Any CPU
		{60670F1F-E0A0-4058-ADDA-ABE2E4FD5476}.Debug|Any CPU.Build.0 = Debug|Any CPU
		{60670F1F-E0A0-4058-ADDA-ABE2E4FD5476}.Release|Any CPU.ActiveCfg = Release|Any CPU
		{60670F1F-E0A0-4058-ADDA-ABE2E4FD5476}.Release|Any CPU.Build.0 = Release|Any CPU
	EndGlobalSection
	GlobalSection(SolutionProperties) = preSolution
		HideSolutionNode = FALSE
	EndGlobalSection
	GlobalSection(ExtensibilityGlobals) = postSolution
		SolutionGuid = {3115484D-B21B-4ACC-BD99-D159F8923A1C}
	EndGlobalSection
EndGlobal
